Microsoft Visual Studio Solution File, Format Version 11.00
# Visual Studio 2008

Project("{80890BA5-2ACD-36FC-0BB0-7DA05166DDEA}") = "Abhisek_CollectionGame", "Assembly-CSharp-firstpass.csproj", "{158D7ED7-73A9-97FF-6353-1E5FF39A508B}"
EndProject
Project("{80890BA5-2ACD-36FC-0BB0-7DA05166DDEA}") = "Abhisek_CollectionGame", "Assembly-CSharp.csproj", "{9A6CFDCC-ED0D-B18A-9D69-5CB9B6F0A3F6}"
EndProject
Project("{80890BA5-2ACD-36FC-0BB0-7DA05166DDEA}") = "Abhisek_CollectionGame", "Assembly-UnityScript-firstpass.unityproj", "{229AA9AC-14EE-A26D-E7D8-84130EC39728}"
EndProject
Global
	GlobalSection(SolutionConfigurationPlatforms) = preSolution
		Debug|Any CPU = Debug|Any CPU
		Release|Any CPU = Release|Any CPU
	EndGlobalSection
	GlobalSection(ProjectConfigurationPlatforms) = postSolution
		{158D7ED7-73A9-97FF-6353-1E5FF39A508B}.Debug|Any CPU.ActiveCfg = Debug|Any CPU
		{158D7ED7-73A9-97FF-6353-1E5FF39A508B}.Debug|Any CPU.Build.0 = Debug|Any CPU
		{158D7ED7-73A9-97FF-6353-1E5FF39A508B}.Release|Any CPU.ActiveCfg = Release|Any CPU
		{158D7ED7-73A9-97FF-6353-1E5FF39A508B}.Release|Any CPU.Build.0 = Release|Any CPU
		{9A6CFDCC-ED0D-B18A-9D69-5CB9B6F0A3F6}.Debug|Any CPU.ActiveCfg = Debug|Any CPU
		{9A6CFDCC-ED0D-B18A-9D69-5CB9B6F0A3F6}.Debug|Any CPU.Build.0 = Debug|Any CPU
		{9A6CFDCC-ED0D-B18A-9D69-5CB9B6F0A3F6}.Release|Any CPU.ActiveCfg = Release|Any CPU
		{9A6CFDCC-ED0D-B18A-9D69-5CB9B6F0A3F6}.Release|Any CPU.Build.0 = Release|Any CPU
		{229AA9AC-14EE-A26D-E7D8-84130EC39728}.Debug|Any CPU.ActiveCfg = Debug|Any CPU
		{229AA9AC-14EE-A26D-E7D8-84130EC39728}.Debug|Any CPU.Build.0 = Debug|Any CPU
		{229AA9AC-14EE-A26D-E7D8-84130EC39728}.Release|Any CPU.ActiveCfg = Release|Any CPU
		{229AA9AC-14EE-A26D-E7D8-84130EC39728}.Release|Any CPU.Build.0 = Release|Any CPU
	EndGlobalSection
	GlobalSection(SolutionProperties) = preSolution
		HideSolutionNode = FALSE
	EndGlobalSection
																																GlobalSection(MonoDevelopProperties) = preSolution
		StartupItem = Assembly-CSharp.csproj
		Policies = $0
		$0.TextStylePolicy = $1
		$1.inheritsSet = null
		$1.scope = text/x-csharp
		$0.CSharpFormattingPolicy = $2
		$2.inheritsSet = Mono
		$2.inheritsScope = text/x-csharp
		$2.scope = text/x-csharp
		$0.TextStylePolicy = $3
		$3.FileWidth = 120
		$3.TabWidth = 4
		$3.EolMarker = Unix
		$3.inheritsSet = Mono
		$3.inheritsScope = text/plain
		$3.scope = text/plain
	EndGlobalSection

EndGlobal
